
Microsoft Visual Studio Solution File, Format Version 12.00
# Visual Studio Version 17
VisualStudioVersion = 17.14.36414.22 d17.14
MinimumVisualStudioVersion = 10.0.40219.1
Project("{FAE04EC0-301F-11D3-BF4B-00C04F79EFBC}") = "Degree Plan Mobile App", "Degree Plan Mobile App\Degree Plan Mobile App.csproj", "{7C064D6A-EDED-4CA6-8679-683373819747}"
EndProject
Global
	GlobalSection(SolutionConfigurationPlatforms) = preSolution
		Debug|Any CPU = Debug|Any CPU
		Release|Any CPU = Release|Any CPU
	EndGlobalSection
	GlobalSection(ProjectConfigurationPlatforms) = postSolution
		{7C064D6A-EDED-4CA6-8679-683373819747}.Debug|Any CPU.ActiveCfg = Debug|Any CPU
		{7C064D6A-EDED-4CA6-8679-683373819747}.Debug|Any CPU.Build.0 = Debug|Any CPU
		{7C064D6A-EDED-4CA6-8679-683373819747}.Debug|Any CPU.Deploy.0 = Debug|Any CPU
		{7C064D6A-EDED-4CA6-8679-683373819747}.Release|Any CPU.ActiveCfg = Release|Any CPU
		{7C064D6A-EDED-4CA6-8679-683373819747}.Release|Any CPU.Build.0 = Release|Any CPU
		{7C064D6A-EDED-4CA6-8679-683373819747}.Release|Any CPU.Deploy.0 = Release|Any CPU
	EndGlobalSection
	GlobalSection(SolutionProperties) = preSolution
		HideSolutionNode = FALSE
	EndGlobalSection
	GlobalSection(ExtensibilityGlobals) = postSolution
		SolutionGuid = {0247EF90-BD38-471A-B39D-7B44B40B0450}
	EndGlobalSection
EndGlobal
